Microsoft Visual Studio Solution File, Format Version 12.00
# Visual Studio Version 17
VisualStudioVersion = 17.5.2.0
MinimumVisualStudioVersion = 10.0.40219.1
Project("{FAE04EC0-301F-11D3-BF4B-00C04F79EFBC}") = "assesmentproject_20", "assesmentproject_20.csproj", "{2C3C0B59-FA29-5E0E-D537-25B100CFF743}"
EndProject
Global
	GlobalSection(SolutionConfigurationPlatforms) = preSolution
		Debug|Any CPU = Debug|Any CPU
		Release|Any CPU = Release|Any CPU
	EndGlobalSection
	GlobalSection(ProjectConfigurationPlatforms) = postSolution
		{2C3C0B59-FA29-5E0E-D537-25B100CFF743}.Debug|Any CPU.ActiveCfg = Debug|Any CPU
		{2C3C0B59-FA29-5E0E-D537-25B100CFF743}.Debug|Any CPU.Build.0 = Debug|Any CPU
		{2C3C0B59-FA29-5E0E-D537-25B100CFF743}.Release|Any CPU.ActiveCfg = Release|Any CPU
		{2C3C0B59-FA29-5E0E-D537-25B100CFF743}.Release|Any CPU.Build.0 = Release|Any CPU
	EndGlobalSection
	GlobalSection(SolutionProperties) = preSolution
		HideSolutionNode = FALSE
	EndGlobalSection
	GlobalSection(ExtensibilityGlobals) = postSolution
		SolutionGuid = {481F5E56-6A86-4602-9B66-F3BE4FA76546}
	EndGlobalSection
EndGlobal
