Microsoft Visual Studio Solution File, Format Version 12.00
# Visual Studio Version 17
VisualStudioVersion = 17.5.2.0
MinimumVisualStudioVersion = 10.0.40219.1
Project("{FAE04EC0-301F-11D3-BF4B-00C04F79EFBC}") = "assesmentproject_2", "assesmentproject_2.csproj", "{BB5A0BDA-F8B1-E781-979F-494AC7F6A7A4}"
EndProject
Global
	GlobalSection(SolutionConfigurationPlatforms) = preSolution
		Debug|Any CPU = Debug|Any CPU
		Release|Any CPU = Release|Any CPU
	EndGlobalSection
	GlobalSection(ProjectConfigurationPlatforms) = postSolution
		{BB5A0BDA-F8B1-E781-979F-494AC7F6A7A4}.Debug|Any CPU.ActiveCfg = Debug|Any CPU
		{BB5A0BDA-F8B1-E781-979F-494AC7F6A7A4}.Debug|Any CPU.Build.0 = Debug|Any CPU
		{BB5A0BDA-F8B1-E781-979F-494AC7F6A7A4}.Release|Any CPU.ActiveCfg = Release|Any CPU
		{BB5A0BDA-F8B1-E781-979F-494AC7F6A7A4}.Release|Any CPU.Build.0 = Release|Any CPU
	EndGlobalSection
	GlobalSection(SolutionProperties) = preSolution
		HideSolutionNode = FALSE
	EndGlobalSection
	GlobalSection(ExtensibilityGlobals) = postSolution
		SolutionGuid = {5D4B2280-898D-41C4-A2EB-F2CC9FC0A95A}
	EndGlobalSection
EndGlobal
