Microsoft Visual Studio Solution File, Format Version 12.00
# Visual Studio Version 17
VisualStudioVersion = 17.5.2.0
MinimumVisualStudioVersion = 10.0.40219.1
Project("{FAE04EC0-301F-11D3-BF4B-00C04F79EFBC}") = "assesmentproject_10", "assesmentproject_10.csproj", "{0BEFB417-8A36-7A0F-CEFC-FB1DC77A14D9}"
EndProject
Global
	GlobalSection(SolutionConfigurationPlatforms) = preSolution
		Debug|Any CPU = Debug|Any CPU
		Release|Any CPU = Release|Any CPU
	EndGlobalSection
	GlobalSection(ProjectConfigurationPlatforms) = postSolution
		{0BEFB417-8A36-7A0F-CEFC-FB1DC77A14D9}.Debug|Any CPU.ActiveCfg = Debug|Any CPU
		{0BEFB417-8A36-7A0F-CEFC-FB1DC77A14D9}.Debug|Any CPU.Build.0 = Debug|Any CPU
		{0BEFB417-8A36-7A0F-CEFC-FB1DC77A14D9}.Release|Any CPU.ActiveCfg = Release|Any CPU
		{0BEFB417-8A36-7A0F-CEFC-FB1DC77A14D9}.Release|Any CPU.Build.0 = Release|Any CPU
	EndGlobalSection
	GlobalSection(SolutionProperties) = preSolution
		HideSolutionNode = FALSE
	EndGlobalSection
	GlobalSection(ExtensibilityGlobals) = postSolution
		SolutionGuid = {7CFD40D1-C332-43C7-BB9D-98DFF2BFEFDB}
	EndGlobalSection
EndGlobal
