Microsoft Visual Studio Solution File, Format Version 12.00
# Visual Studio Version 17
VisualStudioVersion = 17.5.2.0
MinimumVisualStudioVersion = 10.0.40219.1
Project("{FAE04EC0-301F-11D3-BF4B-00C04F79EFBC}") = "assesmentproject_7", "assesmentproject_7.csproj", "{E46EBC65-A9D7-51B4-8BDA-886EBC3F13AD}"
EndProject
Global
	GlobalSection(SolutionConfigurationPlatforms) = preSolution
		Debug|Any CPU = Debug|Any CPU
		Release|Any CPU = Release|Any CPU
	EndGlobalSection
	GlobalSection(ProjectConfigurationPlatforms) = postSolution
		{E46EBC65-A9D7-51B4-8BDA-886EBC3F13AD}.Debug|Any CPU.ActiveCfg = Debug|Any CPU
		{E46EBC65-A9D7-51B4-8BDA-886EBC3F13AD}.Debug|Any CPU.Build.0 = Debug|Any CPU
		{E46EBC65-A9D7-51B4-8BDA-886EBC3F13AD}.Release|Any CPU.ActiveCfg = Release|Any CPU
		{E46EBC65-A9D7-51B4-8BDA-886EBC3F13AD}.Release|Any CPU.Build.0 = Release|Any CPU
	EndGlobalSection
	GlobalSection(SolutionProperties) = preSolution
		HideSolutionNode = FALSE
	EndGlobalSection
	GlobalSection(ExtensibilityGlobals) = postSolution
		SolutionGuid = {18E235B9-66B8-4123-ABF3-A7FD2743973E}
	EndGlobalSection
EndGlobal
