Microsoft Visual Studio Solution File, Format Version 12.00
# Visual Studio Version 17
VisualStudioVersion = 17.5.2.0
MinimumVisualStudioVersion = 10.0.40219.1
Project("{FAE04EC0-301F-11D3-BF4B-00C04F79EFBC}") = "assesmentproject_14", "assesmentproject_14.csproj", "{F564BABE-C5AC-FCA0-9FE7-8D81A39DA900}"
EndProject
Global
	GlobalSection(SolutionConfigurationPlatforms) = preSolution
		Debug|Any CPU = Debug|Any CPU
		Release|Any CPU = Release|Any CPU
	EndGlobalSection
	GlobalSection(ProjectConfigurationPlatforms) = postSolution
		{F564BABE-C5AC-FCA0-9FE7-8D81A39DA900}.Debug|Any CPU.ActiveCfg = Debug|Any CPU
		{F564BABE-C5AC-FCA0-9FE7-8D81A39DA900}.Debug|Any CPU.Build.0 = Debug|Any CPU
		{F564BABE-C5AC-FCA0-9FE7-8D81A39DA900}.Release|Any CPU.ActiveCfg = Release|Any CPU
		{F564BABE-C5AC-FCA0-9FE7-8D81A39DA900}.Release|Any CPU.Build.0 = Release|Any CPU
	EndGlobalSection
	GlobalSection(SolutionProperties) = preSolution
		HideSolutionNode = FALSE
	EndGlobalSection
	GlobalSection(ExtensibilityGlobals) = postSolution
		SolutionGuid = {1A3B0A82-7B19-421C-883B-D48A348D85D8}
	EndGlobalSection
EndGlobal
